// !$*UTF8*$!
{
	archiveVersion = 1;
	classes = {
	};
	objectVersion = 55;
	objects = {

/* Begin PBXBuildFile section */
		8625052B276CA49600499F66 /* main.c in Sources */ = {isa = PBXBuildFile; fileRef = 8625052A276CA49600499F66 /* main.c */; };
/* End PBXBuildFile section */

/* Begin PBXCopyFilesBuildPhase section */
		86250525276CA49600499F66 /* CopyFiles */ = {
			isa = PBXCopyFilesBuildPhase;
			buildActionMask = 2147483647;
			dstPath = /usr/share/man/man1/;
			dstSubfolderSpec = 0;
			files = (
			);
			runOnlyForDeploymentPostprocessing = 1;
		};
/* End PBXCopyFilesBuildPhase section */

/* Begin PBXFileReference section */
		861835B0277029FA00F5E7EF /* search.h */ = {isa = PBXFileReference; lastKnownFileType = sourcecode.c.h; path = search.h; sourceTree = "<group>"; };
		86250527276CA49600499F66 /* C_Algorithm */ = {isa = PBXFileReference; explicitFileType = "compiled.mach-o.executable"; includeInIndex = 0; path = C_Algorithm; sourceTree = BUILT_PRODUCTS_DIR; };
		8625052A276CA49600499F66 /* main.c */ = {isa = PBXFileReference; lastKnownFileType = sourcecode.c.c; path = main.c; sourceTree = "<group>"; };
		86250531276CA4D300499F66 /* triangle.h */ = {isa = PBXFileReference; lastKnownFileType = sourcecode.c.h; path = triangle.h; sourceTree = "<group>"; };
		862CBBB9277A012A00ADF3CF /* factorial.h */ = {isa = PBXFileReference; lastKnownFileType = sourcecode.c.h; path = factorial.h; sourceTree = "<group>"; };
		862CBBBA277A0BB000ADF3CF /* euclid.h */ = {isa = PBXFileReference; lastKnownFileType = sourcecode.c.h; path = euclid.h; sourceTree = "<group>"; };
		862CBBBB277A1B4600ADF3CF /* analysisRecursionFunction.h */ = {isa = PBXFileReference; lastKnownFileType = sourcecode.c.h; path = analysisRecursionFunction.h; sourceTree = "<group>"; };
		8635AF4B277AFDBD00697B42 /* hanoi.h */ = {isa = PBXFileReference; lastKnownFileType = sourcecode.c.h; path = hanoi.h; sourceTree = "<group>"; };
		8635AF4C277C3DE500697B42 /* queen.h */ = {isa = PBXFileReference; lastKnownFileType = sourcecode.c.h; path = queen.h; sourceTree = "<group>"; };
		8635AF4D277C8F3400697B42 /* bubbleSort.h */ = {isa = PBXFileReference; lastKnownFileType = sourcecode.c.h; path = bubbleSort.h; sourceTree = "<group>"; };
		8635AF4E277C9AB500697B42 /* selectionSort.h */ = {isa = PBXFileReference; lastKnownFileType = sourcecode.c.h; path = selectionSort.h; sourceTree = "<group>"; };
		865AB435277DF1DC002DDC1D /* insertionSort.h */ = {isa = PBXFileReference; lastKnownFileType = sourcecode.c.h; path = insertionSort.h; sourceTree = "<group>"; };
		8662C85D277F1FD100B8FE90 /* quickSort.h */ = {isa = PBXFileReference; lastKnownFileType = sourcecode.c.h; path = quickSort.h; sourceTree = "<group>"; };
		8662C85E277F468C00B8FE90 /* mergeSort.h */ = {isa = PBXFileReference; lastKnownFileType = sourcecode.c.h; path = mergeSort.h; sourceTree = "<group>"; };
		86679171277847D7005CE8DC /* lingQueue.h */ = {isa = PBXFileReference; lastKnownFileType = sourcecode.c.h; path = lingQueue.h; sourceTree = "<group>"; };
		8667917227785141005CE8DC /* lingQueueExample.h */ = {isa = PBXFileReference; lastKnownFileType = sourcecode.c.h; path = lingQueueExample.h; sourceTree = "<group>"; };
		8667917427786511005CE8DC /* queue.h */ = {isa = PBXFileReference; lastKnownFileType = sourcecode.c.h; path = queue.h; sourceTree = "<group>"; };
		869D9A98276DDB6C00012A83 /* structure1.h */ = {isa = PBXFileReference; lastKnownFileType = sourcecode.c.h; path = structure1.h; sourceTree = "<group>"; };
		869D9A99276E2A8400012A83 /* structure2.h */ = {isa = PBXFileReference; lastKnownFileType = sourcecode.c.h; path = structure2.h; sourceTree = "<group>"; };
		86BE853E2773753B0077A455 /* stack.h */ = {isa = PBXFileReference; lastKnownFileType = sourcecode.c.h; path = stack.h; sourceTree = "<group>"; };
		86BE853F27737FE90077A455 /* stackQueueExample.h */ = {isa = PBXFileReference; lastKnownFileType = sourcecode.c.h; path = stackQueueExample.h; sourceTree = "<group>"; };
/* End PBXFileReference section */

/* Begin PBXFrameworksBuildPhase section */
		86250524276CA49600499F66 /* Frameworks */ = {
			isa = PBXFrameworksBuildPhase;
			buildActionMask = 2147483647;
			files = (
			);
			runOnlyForDeploymentPostprocessing = 0;
		};
/* End PBXFrameworksBuildPhase section */

/* Begin PBXGroup section */
		8625051E276CA49600499F66 = {
			isa = PBXGroup;
			children = (
				86250529276CA49600499F66 /* C_Algorithm */,
				86250528276CA49600499F66 /* Products */,
			);
			sourceTree = "<group>";
		};
		86250528276CA49600499F66 /* Products */ = {
			isa = PBXGroup;
			children = (
				86250527276CA49600499F66 /* C_Algorithm */,
			);
			name = Products;
			sourceTree = "<group>";
		};
		86250529276CA49600499F66 /* C_Algorithm */ = {
			isa = PBXGroup;
			children = (
				8625052A276CA49600499F66 /* main.c */,
				8662C85D277F1FD100B8FE90 /* quickSort.h */,
				8662C85E277F468C00B8FE90 /* mergeSort.h */,
				865AB435277DF1DC002DDC1D /* insertionSort.h */,
				8635AF4E277C9AB500697B42 /* selectionSort.h */,
				8635AF4D277C8F3400697B42 /* bubbleSort.h */,
				8635AF4B277AFDBD00697B42 /* hanoi.h */,
				8635AF4C277C3DE500697B42 /* queen.h */,
				862CBBBB277A1B4600ADF3CF /* analysisRecursionFunction.h */,
				862CBBBA277A0BB000ADF3CF /* euclid.h */,
				862CBBB9277A012A00ADF3CF /* factorial.h */,
				8667917427786511005CE8DC /* queue.h */,
				8667917227785141005CE8DC /* lingQueueExample.h */,
				86BE853F27737FE90077A455 /* stackQueueExample.h */,
				86BE853E2773753B0077A455 /* stack.h */,
				86679171277847D7005CE8DC /* lingQueue.h */,
				861835B0277029FA00F5E7EF /* search.h */,
				869D9A98276DDB6C00012A83 /* structure1.h */,
				86250531276CA4D300499F66 /* triangle.h */,
				869D9A99276E2A8400012A83 /* structure2.h */,
			);
			path = C_Algorithm;
			sourceTree = "<group>";
		};
/* End PBXGroup section */

/* Begin PBXNativeTarget section */
		86250526276CA49600499F66 /* C_Algorithm */ = {
			isa = PBXNativeTarget;
			buildConfigurationList = 8625052E276CA49600499F66 /* Build configuration list for PBXNativeTarget "C_Algorithm" */;
			buildPhases = (
				86250523276CA49600499F66 /* Sources */,
				86250524276CA49600499F66 /* Frameworks */,
				86250525276CA49600499F66 /* CopyFiles */,
			);
			buildRules = (
			);
			dependencies = (
			);
			name = C_Algorithm;
			productName = C_Algorithm;
			productReference = 86250527276CA49600499F66 /* C_Algorithm */;
			productType = "com.apple.product-type.tool";
		};
/* End PBXNativeTarget section */

/* Begin PBXProject section */
		8625051F276CA49600499F66 /* Project object */ = {
			isa = PBXProject;
			attributes = {
				BuildIndependentTargetsInParallel = 1;
				LastUpgradeCheck = 1320;
				TargetAttributes = {
					86250526276CA49600499F66 = {
						CreatedOnToolsVersion = 13.2;
					};
				};
			};
			buildConfigurationList = 86250522276CA49600499F66 /* Build configuration list for PBXProject "C_Algorithm" */;
			compatibilityVersion = "Xcode 13.0";
			developmentRegion = en;
			hasScannedForEncodings = 0;
			knownRegions = (
				en,
				Base,
			);
			mainGroup = 8625051E276CA49600499F66;
			productRefGroup = 86250528276CA49600499F66 /* Products */;
			projectDirPath = "";
			projectRoot = "";
			targets = (
				86250526276CA49600499F66 /* C_Algorithm */,
			);
		};
/* End PBXProject section */

/* Begin PBXSourcesBuildPhase section */
		86250523276CA49600499F66 /* Sources */ = {
			isa = PBXSourcesBuildPhase;
			buildActionMask = 2147483647;
			files = (
				8625052B276CA49600499F66 /* main.c in Sources */,
			);
			runOnlyForDeploymentPostprocessing = 0;
		};
/* End PBXSourcesBuildPhase section */

/* Begin XCBuildConfiguration section */
		8625052C276CA49600499F66 /* Debug */ = {
			isa = XCBuildConfiguration;
			buildSettings = {
				ALWAYS_SEARCH_USER_PATHS = NO;
				CLANG_ANALYZER_NONNULL = YES;
				CLANG_ANALYZER_NUMBER_OBJECT_CONVERSION = YES_AGGRESSIVE;
				CLANG_CXX_LANGUAGE_STANDARD = "gnu++17";
				CLANG_CXX_LIBRARY = "libc++";
				CLANG_ENABLE_MODULES = YES;
				CLANG_ENABLE_OBJC_ARC = YES;
				CLANG_ENABLE_OBJC_WEAK = YES;
				CLANG_WARN_BLOCK_CAPTURE_AUTORELEASING = YES;
				CLANG_WARN_BOOL_CONVERSION = YES;
				CLANG_WARN_COMMA = YES;
				CLANG_WARN_CONSTANT_CONVERSION = YES;
				CLANG_WARN_DEPRECATED_OBJC_IMPLEMENTATIONS = YES;
				CLANG_WARN_DIRECT_OBJC_ISA_USAGE = YES_ERROR;
				CLANG_WARN_DOCUMENTATION_COMMENTS = YES;
				CLANG_WARN_EMPTY_BODY = YES;
				CLANG_WARN_ENUM_CONVERSION = YES;
				CLANG_WARN_INFINITE_RECURSION = YES;
				CLANG_WARN_INT_CONVERSION = YES;
				CLANG_WARN_NON_LITERAL_NULL_CONVERSION = YES;
				CLANG_WARN_OBJC_IMPLICIT_RETAIN_SELF = YES;
				CLANG_WARN_OBJC_LITERAL_CONVERSION = YES;
				CLANG_WARN_OBJC_ROOT_CLASS = YES_ERROR;
				CLANG_WARN_QUOTED_INCLUDE_IN_FRAMEWORK_HEADER = YES;
				CLANG_WARN_RANGE_LOOP_ANALYSIS = YES;
				CLANG_WARN_STRICT_PROTOTYPES = YES;
				CLANG_WARN_SUSPICIOUS_MOVE = YES;
				CLANG_WARN_UNGUARDED_AVAILABILITY = YES_AGGRESSIVE;
				CLANG_WARN_UNREACHABLE_CODE = YES;
				CLANG_WARN__DUPLICATE_METHOD_MATCH = YES;
				COPY_PHASE_STRIP = NO;
				DEBUG_INFORMATION_FORMAT = dwarf;
				ENABLE_STRICT_OBJC_MSGSEND = YES;
				ENABLE_TESTABILITY = YES;
				GCC_C_LANGUAGE_STANDARD = gnu11;
				GCC_DYNAMIC_NO_PIC = NO;
				GCC_NO_COMMON_BLOCKS = YES;
				GCC_OPTIMIZATION_LEVEL = 0;
				GCC_PREPROCESSOR_DEFINITIONS = (
					"DEBUG=1",
					"$(inherited)",
				);
				GCC_WARN_64_TO_32_BIT_CONVERSION = YES;
				GCC_WARN_ABOUT_RETURN_TYPE = YES_ERROR;
				GCC_WARN_UNDECLARED_SELECTOR = YES;
				GCC_WARN_UNINITIALIZED_AUTOS = YES_AGGRESSIVE;
				GCC_WARN_UNUSED_FUNCTION = YES;
				GCC_WARN_UNUSED_VARIABLE = YES;
				MACOSX_DEPLOYMENT_TARGET = 12.0;
				MTL_ENABLE_DEBUG_INFO = INCLUDE_SOURCE;
				MTL_FAST_MATH = YES;
				ONLY_ACTIVE_ARCH = YES;
				SDKROOT = macosx;
			};
			name = Debug;
		};
		8625052D276CA49600499F66 /* Release */ = {
			isa = XCBuildConfiguration;
			buildSettings = {
				ALWAYS_SEARCH_USER_PATHS = NO;
				CLANG_ANALYZER_NONNULL = YES;
				CLANG_ANALYZER_NUMBER_OBJECT_CONVERSION = YES_AGGRESSIVE;
				CLANG_CXX_LANGUAGE_STANDARD = "gnu++17";
				CLANG_CXX_LIBRARY = "libc++";
				CLANG_ENABLE_MODULES = YES;
				CLANG_ENABLE_OBJC_ARC = YES;
				CLANG_ENABLE_OBJC_WEAK = YES;
				CLANG_WARN_BLOCK_CAPTURE_AUTORELEASING = YES;
				CLANG_WARN_BOOL_CONVERSION = YES;
				CLANG_WARN_COMMA = YES;
				CLANG_WARN_CONSTANT_CONVERSION = YES;
				CLANG_WARN_DEPRECATED_OBJC_IMPLEMENTATIONS = YES;
				CLANG_WARN_DIRECT_OBJC_ISA_USAGE = YES_ERROR;
				CLANG_WARN_DOCUMENTATION_COMMENTS = YES;
				CLANG_WARN_EMPTY_BODY = YES;
				CLANG_WARN_ENUM_CONVERSION = YES;
				CLANG_WARN_INFINITE_RECURSION = YES;
				CLANG_WARN_INT_CONVERSION = YES;
				CLANG_WARN_NON_LITERAL_NULL_CONVERSION = YES;
				CLANG_WARN_OBJC_IMPLICIT_RETAIN_SELF = YES;
				CLANG_WARN_OBJC_LITERAL_CONVERSION = YES;
				CLANG_WARN_OBJC_ROOT_CLASS = YES_ERROR;
				CLANG_WARN_QUOTED_INCLUDE_IN_FRAMEWORK_HEADER = YES;
				CLANG_WARN_RANGE_LOOP_ANALYSIS = YES;
				CLANG_WARN_STRICT_PROTOTYPES = YES;
				CLANG_WARN_SUSPICIOUS_MOVE = YES;
				CLANG_WARN_UNGUARDED_AVAILABILITY = YES_AGGRESSIVE;
				CLANG_WARN_UNREACHABLE_CODE = YES;
				CLANG_WARN__DUPLICATE_METHOD_MATCH = YES;
				COPY_PHASE_STRIP = NO;
				DEBUG_INFORMATION_FORMAT = "dwarf-with-dsym";
				ENABLE_NS_ASSERTIONS = NO;
				ENABLE_STRICT_OBJC_MSGSEND = YES;
				GCC_C_LANGUAGE_STANDARD = gnu11;
				GCC_NO_COMMON_BLOCKS = YES;
				GCC_WARN_64_TO_32_BIT_CONVERSION = YES;
				GCC_WARN_ABOUT_RETURN_TYPE = YES_ERROR;
				GCC_WARN_UNDECLARED_SELECTOR = YES;
				GCC_WARN_UNINITIALIZED_AUTOS = YES_AGGRESSIVE;
				GCC_WARN_UNUSED_FUNCTION = YES;
				GCC_WARN_UNUSED_VARIABLE = YES;
				MACOSX_DEPLOYMENT_TARGET = 12.0;
				MTL_ENABLE_DEBUG_INFO = NO;
				MTL_FAST_MATH = YES;
				SDKROOT = macosx;
			};
			name = Release;
		};
		8625052F276CA49600499F66 /* Debug */ = {
			isa = XCBuildConfiguration;
			buildSettings = {
				CODE_SIGN_STYLE = Automatic;
				PRODUCT_NAME = "$(TARGET_NAME)";
			};
			name = Debug;
		};
		86250530276CA49600499F66 /* Release */ = {
			isa = XCBuildConfiguration;
			buildSettings = {
				CODE_SIGN_STYLE = Automatic;
				PRODUCT_NAME = "$(TARGET_NAME)";
			};
			name = Release;
		};
/* End XCBuildConfiguration section */

/* Begin XCConfigurationList section */
		86250522276CA49600499F66 /* Build configuration list for PBXProject "C_Algorithm" */ = {
			isa = XCConfigurationList;
			buildConfigurations = (
				8625052C276CA49600499F66 /* Debug */,
				8625052D276CA49600499F66 /* Release */,
			);
			defaultConfigurationIsVisible = 0;
			defaultConfigurationName = Release;
		};
		8625052E276CA49600499F66 /* Build configuration list for PBXNativeTarget "C_Algorithm" */ = {
			isa = XCConfigurationList;
			buildConfigurations = (
				8625052F276CA49600499F66 /* Debug */,
				86250530276CA49600499F66 /* Release */,
			);
			defaultConfigurationIsVisible = 0;
			defaultConfigurationName = Release;
		};
/* End XCConfigurationList section */
	};
	rootObject = 8625051F276CA49600499F66 /* Project object */;
}
